// !$*UTF8*$!
{
	archiveVersion = 1;
	classes = {
	};
	objectVersion = 56;
	objects = {

/* Begin PBXBuildFile section */
		023D835B2B5BB41800653FAC /* SetRingerState.swift in Sources */ = {isa = PBXBuildFile; fileRef = 023D835A2B5BB41800653FAC /* SetRingerState.swift */; };
		023D835D2B5BC02F00653FAC /* GetRingerState.swift in Sources */ = {isa = PBXBuildFile; fileRef = 023D835C2B5BC02F00653FAC /* GetRingerState.swift */; };
		0241D58A2B56C1E00035DDE7 /* ManagedConfiguration.framework in Frameworks */ = {isa = PBXBuildFile; fileRef = 029EB2F22B555E14004DA9F0 /* ManagedConfiguration.framework */; settings = {ATTRIBUTES = (Weak, ); }; };
		025B5DA82B54E60F003DBD4D /* TrollCutsApp.swift in Sources */ = {isa = PBXBuildFile; fileRef = 025B5DA72B54E60F003DBD4D /* TrollCutsApp.swift */; };
		025B5DAA2B54E60F003DBD4D /* ContentView.swift in Sources */ = {isa = PBXBuildFile; fileRef = 025B5DA92B54E60F003DBD4D /* ContentView.swift */; };
		025B5DAC2B54E613003DBD4D /* Assets.xcassets in Resources */ = {isa = PBXBuildFile; fileRef = 025B5DAB2B54E613003DBD4D /* Assets.xcassets */; };
		025B5DAF2B54E613003DBD4D /* Preview Assets.xcassets in Resources */ = {isa = PBXBuildFile; fileRef = 025B5DAE2B54E613003DBD4D /* Preview Assets.xcassets */; };
		025B5DB92B54E71D003DBD4D /* StartBackup.swift in Sources */ = {isa = PBXBuildFile; fileRef = 025B5DB82B54E71D003DBD4D /* StartBackup.swift */; };
		029EB2C92B550E07004DA9F0 /* MobileBackup.framework in Frameworks */ = {isa = PBXBuildFile; fileRef = 029EB2C82B550E07004DA9F0 /* MobileBackup.framework */; settings = {ATTRIBUTES = (Weak, ); }; };
		029EB2CD2B55141B004DA9F0 /* TSUtil.m in Sources */ = {isa = PBXBuildFile; fileRef = 029EB2CC2B55141B004DA9F0 /* TSUtil.m */; };
		029EB2D72B551934004DA9F0 /* CoreServices.framework in Frameworks */ = {isa = PBXBuildFile; fileRef = 029EB2D62B551933004DA9F0 /* CoreServices.framework */; settings = {ATTRIBUTES = (Required, ); }; };
		029EB2D92B551AC1004DA9F0 /* TCUtil.m in Sources */ = {isa = PBXBuildFile; fileRef = 029EB2D82B551AC1004DA9F0 /* TCUtil.m */; };
		029EB2DC2B5522C5004DA9F0 /* CoreTelephony.framework in Frameworks */ = {isa = PBXBuildFile; fileRef = 029EB2DB2B5522C4004DA9F0 /* CoreTelephony.framework */; };
		029EB2DE2B5522E5004DA9F0 /* MobileContainerManager.framework in Frameworks */ = {isa = PBXBuildFile; fileRef = 029EB2DD2B5522E4004DA9F0 /* MobileContainerManager.framework */; settings = {ATTRIBUTES = (Weak, ); }; };
		029EB2E22B552E4F004DA9F0 /* Respring.swift in Sources */ = {isa = PBXBuildFile; fileRef = 029EB2E12B552E4F004DA9F0 /* Respring.swift */; };
		029EB2E42B552F38004DA9F0 /* CancelBackup.swift in Sources */ = {isa = PBXBuildFile; fileRef = 029EB2E32B552F38004DA9F0 /* CancelBackup.swift */; };
		029EB2E82B553871004DA9F0 /* Lock.swift in Sources */ = {isa = PBXBuildFile; fileRef = 029EB2E72B553871004DA9F0 /* Lock.swift */; };
		029EB2FB2B5562E2004DA9F0 /* UserspaceReboot.swift in Sources */ = {isa = PBXBuildFile; fileRef = 029EB2FA2B5562E2004DA9F0 /* UserspaceReboot.swift */; };
		029EB3012B556FDF004DA9F0 /* userspaceReboot.c in Sources */ = {isa = PBXBuildFile; fileRef = 029EB3002B556FDF004DA9F0 /* userspaceReboot.c */; };
		029EB3032B5570D2004DA9F0 /* CoreFoundation.framework in Frameworks */ = {isa = PBXBuildFile; fileRef = 029EB3022B5570D2004DA9F0 /* CoreFoundation.framework */; settings = {ATTRIBUTES = (Required, ); }; };
		029EB3052B5571F7004DA9F0 /* Reboot.swift in Sources */ = {isa = PBXBuildFile; fileRef = 029EB3042B5571F7004DA9F0 /* Reboot.swift */; };
		029EB3072B55733F004DA9F0 /* FrontBoardServices.framework in Frameworks */ = {isa = PBXBuildFile; fileRef = 029EB3062B55733E004DA9F0 /* FrontBoardServices.framework */; settings = {ATTRIBUTES = (Required, ); }; };
		029EB30D2B5574A7004DA9F0 /* SwitchAppsRegistration.swift in Sources */ = {isa = PBXBuildFile; fileRef = 029EB30B2B5574A7004DA9F0 /* SwitchAppsRegistration.swift */; };
		029EB30F2B557527004DA9F0 /* BaseBoard.framework in Frameworks */ = {isa = PBXBuildFile; fileRef = 029EB30E2B557526004DA9F0 /* BaseBoard.framework */; settings = {ATTRIBUTES = (Weak, ); }; };
		029EB3132B5575B3004DA9F0 /* BoardServices.framework in Frameworks */ = {isa = PBXBuildFile; fileRef = 029EB3122B5575B2004DA9F0 /* BoardServices.framework */; settings = {ATTRIBUTES = (Weak, ); }; };
		029EB3172B558045004DA9F0 /* GetBackupProgress.swift in Sources */ = {isa = PBXBuildFile; fileRef = 029EB3162B558045004DA9F0 /* GetBackupProgress.swift */; };
		029EB3192B558055004DA9F0 /* GetBackupState.swift in Sources */ = {isa = PBXBuildFile; fileRef = 029EB3182B558055004DA9F0 /* GetBackupState.swift */; };
		029EB31F2B55A13B004DA9F0 /* AppIcon.png in Resources */ = {isa = PBXBuildFile; fileRef = 029EB31E2B55A13A004DA9F0 /* AppIcon.png */; };
		029EB32B2B565B58004DA9F0 /* SetAutoBrightness.swift in Sources */ = {isa = PBXBuildFile; fileRef = 029EB32A2B565B58004DA9F0 /* SetAutoBrightness.swift */; };
		029EB32D2B565B69004DA9F0 /* SetAutoLock.swift in Sources */ = {isa = PBXBuildFile; fileRef = 029EB32C2B565B69004DA9F0 /* SetAutoLock.swift */; };
		029EB32F2B566871004DA9F0 /* GraphicsServices.framework in Frameworks */ = {isa = PBXBuildFile; fileRef = 029EB32E2B566870004DA9F0 /* GraphicsServices.framework */; settings = {ATTRIBUTES = (Weak, ); }; };
		02AA45462B5B689100DE656C /* SetLocationServices.swift in Sources */ = {isa = PBXBuildFile; fileRef = 02AA45452B5B689100DE656C /* SetLocationServices.swift */; };
		02AA45482B5B69BB00DE656C /* StartLocationSimulation.swift in Sources */ = {isa = PBXBuildFile; fileRef = 02AA45472B5B69BB00DE656C /* StartLocationSimulation.swift */; };
		02AA454A2B5B69D500DE656C /* StopLocationSimulation.swift in Sources */ = {isa = PBXBuildFile; fileRef = 02AA45492B5B69D500DE656C /* StopLocationSimulation.swift */; };
		02AA454C2B5B77CC00DE656C /* locsim.m in Sources */ = {isa = PBXBuildFile; fileRef = 02AA454B2B5B77CC00DE656C /* locsim.m */; };
		02AA45542B5B81F400DE656C /* CoreLocation.framework in Frameworks */ = {isa = PBXBuildFile; fileRef = 02AA454E2B5B7EB500DE656C /* CoreLocation.framework */; };
		02AA45572B5B8A3A00DE656C /* Enum.swift in Sources */ = {isa = PBXBuildFile; fileRef = 02AA45562B5B8A3A00DE656C /* Enum.swift */; };
/* End PBXBuildFile section */

/* Begin PBXFileReference section */
		023D835A2B5BB41800653FAC /* SetRingerState.swift */ = {isa = PBXFileReference; fileEncoding = 4; lastKnownFileType = sourcecode.swift; path = SetRingerState.swift; sourceTree = "<group>"; };
		023D835C2B5BC02F00653FAC /* GetRingerState.swift */ = {isa = PBXFileReference; lastKnownFileType = sourcecode.swift; path = GetRingerState.swift; sourceTree = "<group>"; };
		025B5DA42B54E60F003DBD4D /* TrollCuts.app */ = {isa = PBXFileReference; explicitFileType = wrapper.application; includeInIndex = 0; path = TrollCuts.app; sourceTree = BUILT_PRODUCTS_DIR; };
		025B5DA72B54E60F003DBD4D /* TrollCutsApp.swift */ = {isa = PBXFileReference; lastKnownFileType = sourcecode.swift; path = TrollCutsApp.swift; sourceTree = "<group>"; };
		025B5DA92B54E60F003DBD4D /* ContentView.swift */ = {isa = PBXFileReference; lastKnownFileType = sourcecode.swift; path = ContentView.swift; sourceTree = "<group>"; };
		025B5DAB2B54E613003DBD4D /* Assets.xcassets */ = {isa = PBXFileReference; lastKnownFileType = folder.assetcatalog; path = Assets.xcassets; sourceTree = "<group>"; };
		025B5DAE2B54E613003DBD4D /* Preview Assets.xcassets */ = {isa = PBXFileReference; lastKnownFileType = folder.assetcatalog; path = "Preview Assets.xcassets"; sourceTree = "<group>"; };
		025B5DB82B54E71D003DBD4D /* StartBackup.swift */ = {isa = PBXFileReference; lastKnownFileType = sourcecode.swift; path = StartBackup.swift; sourceTree = "<group>"; };
		029EB2C82B550E07004DA9F0 /* MobileBackup.framework */ = {isa = PBXFileReference; lastKnownFileType = wrapper.framework; name = MobileBackup.framework; path = PrivateFrameworks/MobileBackup.framework; sourceTree = "<group>"; };
		029EB2CB2B551406004DA9F0 /* TSUtil.h */ = {isa = PBXFileReference; lastKnownFileType = sourcecode.c.h; path = TSUtil.h; sourceTree = "<group>"; };
		029EB2CC2B55141B004DA9F0 /* TSUtil.m */ = {isa = PBXFileReference; lastKnownFileType = sourcecode.c.objc; path = TSUtil.m; sourceTree = "<group>"; };
		029EB2CE2B551464004DA9F0 /* CoreServices.h */ = {isa = PBXFileReference; lastKnownFileType = sourcecode.c.h; path = CoreServices.h; sourceTree = "<group>"; };
		029EB2D62B551933004DA9F0 /* CoreServices.framework */ = {isa = PBXFileReference; lastKnownFileType = wrapper.framework; name = CoreServices.framework; path = System/Library/Frameworks/CoreServices.framework; sourceTree = SDKROOT; };
		029EB2D82B551AC1004DA9F0 /* TCUtil.m */ = {isa = PBXFileReference; lastKnownFileType = sourcecode.c.objc; path = TCUtil.m; sourceTree = "<group>"; };
		029EB2DA2B551AD7004DA9F0 /* TCUtil.h */ = {isa = PBXFileReference; lastKnownFileType = sourcecode.c.h; path = TCUtil.h; sourceTree = "<group>"; };
		029EB2DB2B5522C4004DA9F0 /* CoreTelephony.framework */ = {isa = PBXFileReference; lastKnownFileType = wrapper.framework; name = CoreTelephony.framework; path = System/Library/Frameworks/CoreTelephony.framework; sourceTree = SDKROOT; };
		029EB2DD2B5522E4004DA9F0 /* MobileContainerManager.framework */ = {isa = PBXFileReference; lastKnownFileType = wrapper.framework; name = MobileContainerManager.framework; path = PrivateFrameworks/MobileContainerManager.framework; sourceTree = "<group>"; };
		029EB2E12B552E4F004DA9F0 /* Respring.swift */ = {isa = PBXFileReference; lastKnownFileType = sourcecode.swift; path = Respring.swift; sourceTree = "<group>"; };
		029EB2E32B552F38004DA9F0 /* CancelBackup.swift */ = {isa = PBXFileReference; lastKnownFileType = sourcecode.swift; path = CancelBackup.swift; sourceTree = "<group>"; };
		029EB2E52B553385004DA9F0 /* PrivateHeader.h */ = {isa = PBXFileReference; fileEncoding = 4; lastKnownFileType = sourcecode.c.h; path = PrivateHeader.h; sourceTree = "<group>"; };
		029EB2E62B553394004DA9F0 /* TrollCuts-Bridging-Header.h */ = {isa = PBXFileReference; fileEncoding = 4; lastKnownFileType = sourcecode.c.h; path = "TrollCuts-Bridging-Header.h"; sourceTree = "<group>"; };
		029EB2E72B553871004DA9F0 /* Lock.swift */ = {isa = PBXFileReference; lastKnownFileType = sourcecode.swift; path = Lock.swift; sourceTree = "<group>"; };
		029EB2F22B555E14004DA9F0 /* ManagedConfiguration.framework */ = {isa = PBXFileReference; lastKnownFileType = wrapper.framework; name = ManagedConfiguration.framework; path = PrivateFrameworks/ManagedConfiguration.framework; sourceTree = "<group>"; };
		029EB2FA2B5562E2004DA9F0 /* UserspaceReboot.swift */ = {isa = PBXFileReference; lastKnownFileType = sourcecode.swift; path = UserspaceReboot.swift; sourceTree = "<group>"; };
		029EB2FF2B556FDF004DA9F0 /* userspaceReboot.h */ = {isa = PBXFileReference; lastKnownFileType = sourcecode.c.h; path = userspaceReboot.h; sourceTree = "<group>"; };
		029EB3002B556FDF004DA9F0 /* userspaceReboot.c */ = {isa = PBXFileReference; lastKnownFileType = sourcecode.c.c; path = userspaceReboot.c; sourceTree = "<group>"; };
		029EB3022B5570D2004DA9F0 /* CoreFoundation.framework */ = {isa = PBXFileReference; lastKnownFileType = wrapper.framework; name = CoreFoundation.framework; path = System/Library/Frameworks/CoreFoundation.framework; sourceTree = SDKROOT; };
		029EB3042B5571F7004DA9F0 /* Reboot.swift */ = {isa = PBXFileReference; lastKnownFileType = sourcecode.swift; path = Reboot.swift; sourceTree = "<group>"; };
		029EB3062B55733E004DA9F0 /* FrontBoardServices.framework */ = {isa = PBXFileReference; lastKnownFileType = wrapper.framework; name = FrontBoardServices.framework; path = PrivateFrameworks/FrontBoardServices.framework; sourceTree = "<group>"; };
		029EB30B2B5574A7004DA9F0 /* SwitchAppsRegistration.swift */ = {isa = PBXFileReference; fileEncoding = 4; lastKnownFileType = sourcecode.swift; path = SwitchAppsRegistration.swift; sourceTree = "<group>"; };
		029EB30E2B557526004DA9F0 /* BaseBoard.framework */ = {isa = PBXFileReference; lastKnownFileType = wrapper.framework; name = BaseBoard.framework; path = PrivateFrameworks/BaseBoard.framework; sourceTree = "<group>"; };
		029EB3122B5575B2004DA9F0 /* BoardServices.framework */ = {isa = PBXFileReference; lastKnownFileType = wrapper.framework; name = BoardServices.framework; path = PrivateFrameworks/BoardServices.framework; sourceTree = "<group>"; };
		029EB3162B558045004DA9F0 /* GetBackupProgress.swift */ = {isa = PBXFileReference; lastKnownFileType = sourcecode.swift; path = GetBackupProgress.swift; sourceTree = "<group>"; };
		029EB3182B558055004DA9F0 /* GetBackupState.swift */ = {isa = PBXFileReference; lastKnownFileType = sourcecode.swift; path = GetBackupState.swift; sourceTree = "<group>"; };
		029EB31E2B55A13A004DA9F0 /* AppIcon.png */ = {isa = PBXFileReference; lastKnownFileType = image.png; path = AppIcon.png; sourceTree = "<group>"; };
		029EB32A2B565B58004DA9F0 /* SetAutoBrightness.swift */ = {isa = PBXFileReference; lastKnownFileType = sourcecode.swift; path = SetAutoBrightness.swift; sourceTree = "<group>"; };
		029EB32C2B565B69004DA9F0 /* SetAutoLock.swift */ = {isa = PBXFileReference; lastKnownFileType = sourcecode.swift; path = SetAutoLock.swift; sourceTree = "<group>"; };
		029EB32E2B566870004DA9F0 /* GraphicsServices.framework */ = {isa = PBXFileReference; lastKnownFileType = wrapper.framework; name = GraphicsServices.framework; path = PrivateFrameworks/GraphicsServices.framework; sourceTree = "<group>"; };
		02AA45452B5B689100DE656C /* SetLocationServices.swift */ = {isa = PBXFileReference; lastKnownFileType = sourcecode.swift; path = SetLocationServices.swift; sourceTree = "<group>"; };
		02AA45472B5B69BB00DE656C /* StartLocationSimulation.swift */ = {isa = PBXFileReference; lastKnownFileType = sourcecode.swift; path = StartLocationSimulation.swift; sourceTree = "<group>"; };
		02AA45492B5B69D500DE656C /* StopLocationSimulation.swift */ = {isa = PBXFileReference; lastKnownFileType = sourcecode.swift; path = StopLocationSimulation.swift; sourceTree = "<group>"; };
		02AA454B2B5B77CC00DE656C /* locsim.m */ = {isa = PBXFileReference; lastKnownFileType = sourcecode.c.objc; path = locsim.m; sourceTree = "<group>"; };
		02AA454D2B5B77DD00DE656C /* locsim.h */ = {isa = PBXFileReference; lastKnownFileType = sourcecode.c.h; path = locsim.h; sourceTree = "<group>"; };
		02AA454E2B5B7EB500DE656C /* CoreLocation.framework */ = {isa = PBXFileReference; lastKnownFileType = wrapper.framework; name = CoreLocation.framework; path = System/Library/Frameworks/CoreLocation.framework; sourceTree = SDKROOT; };
		02AA45502B5B81A400DE656C /* CoreLocation.framework */ = {isa = PBXFileReference; lastKnownFileType = wrapper.framework; name = CoreLocation.framework; path = PrivateFrameworks/CoreLocation.framework; sourceTree = "<group>"; };
		02AA45562B5B8A3A00DE656C /* Enum.swift */ = {isa = PBXFileReference; lastKnownFileType = sourcecode.swift; path = Enum.swift; sourceTree = "<group>"; };
/* End PBXFileReference section */

/* Begin PBXFrameworksBuildPhase section */
		025B5DA12B54E60F003DBD4D /* Frameworks */ = {
			isa = PBXFrameworksBuildPhase;
			buildActionMask = 2147483647;
			files = (
				029EB2DE2B5522E5004DA9F0 /* MobileContainerManager.framework in Frameworks */,
				02AA45542B5B81F400DE656C /* CoreLocation.framework in Frameworks */,
				029EB2C92B550E07004DA9F0 /* MobileBackup.framework in Frameworks */,
				029EB30F2B557527004DA9F0 /* BaseBoard.framework in Frameworks */,
				029EB3032B5570D2004DA9F0 /* CoreFoundation.framework in Frameworks */,
				029EB2DC2B5522C5004DA9F0 /* CoreTelephony.framework in Frameworks */,
				029EB32F2B566871004DA9F0 /* GraphicsServices.framework in Frameworks */,
				029EB2D72B551934004DA9F0 /* CoreServices.framework in Frameworks */,
				029EB3072B55733F004DA9F0 /* FrontBoardServices.framework in Frameworks */,
				029EB3132B5575B3004DA9F0 /* BoardServices.framework in Frameworks */,
				0241D58A2B56C1E00035DDE7 /* ManagedConfiguration.framework in Frameworks */,
			);
			runOnlyForDeploymentPostprocessing = 0;
		};
/* End PBXFrameworksBuildPhase section */

/* Begin PBXGroup section */
		025B5D9B2B54E60F003DBD4D = {
			isa = PBXGroup;
			children = (
				029EB31E2B55A13A004DA9F0 /* AppIcon.png */,
				029EB2E62B553394004DA9F0 /* TrollCuts-Bridging-Header.h */,
				029EB2CA2B5513EC004DA9F0 /* Shared */,
				025B5DB62B54E6C7003DBD4D /* Intents */,
				025B5DA62B54E60F003DBD4D /* TrollCuts */,
				025B5DA52B54E60F003DBD4D /* Products */,
				029EB2C62B550DE4004DA9F0 /* Frameworks */,
			);
			sourceTree = "<group>";
		};
		025B5DA52B54E60F003DBD4D /* Products */ = {
			isa = PBXGroup;
			children = (
				025B5DA42B54E60F003DBD4D /* TrollCuts.app */,
			);
			name = Products;
			sourceTree = "<group>";
		};
		025B5DA62B54E60F003DBD4D /* TrollCuts */ = {
			isa = PBXGroup;
			children = (
				025B5DA72B54E60F003DBD4D /* TrollCutsApp.swift */,
				025B5DA92B54E60F003DBD4D /* ContentView.swift */,
				025B5DAB2B54E613003DBD4D /* Assets.xcassets */,
				025B5DAD2B54E613003DBD4D /* Preview Content */,
			);
			path = TrollCuts;
			sourceTree = "<group>";
		};
		025B5DAD2B54E613003DBD4D /* Preview Content */ = {
			isa = PBXGroup;
			children = (
				025B5DAE2B54E613003DBD4D /* Preview Assets.xcassets */,
			);
			path = "Preview Content";
			sourceTree = "<group>";
		};
		025B5DB62B54E6C7003DBD4D /* Intents */ = {
			isa = PBXGroup;
			children = (
				023D835A2B5BB41800653FAC /* SetRingerState.swift */,
				029EB30B2B5574A7004DA9F0 /* SwitchAppsRegistration.swift */,
				025B5DB82B54E71D003DBD4D /* StartBackup.swift */,
				029EB2E12B552E4F004DA9F0 /* Respring.swift */,
				029EB2E32B552F38004DA9F0 /* CancelBackup.swift */,
				029EB2E72B553871004DA9F0 /* Lock.swift */,
				029EB2FA2B5562E2004DA9F0 /* UserspaceReboot.swift */,
				029EB3042B5571F7004DA9F0 /* Reboot.swift */,
				029EB3162B558045004DA9F0 /* GetBackupProgress.swift */,
				029EB3182B558055004DA9F0 /* GetBackupState.swift */,
				029EB32A2B565B58004DA9F0 /* SetAutoBrightness.swift */,
				029EB32C2B565B69004DA9F0 /* SetAutoLock.swift */,
				02AA45452B5B689100DE656C /* SetLocationServices.swift */,
				02AA45472B5B69BB00DE656C /* StartLocationSimulation.swift */,
				02AA45492B5B69D500DE656C /* StopLocationSimulation.swift */,
				023D835C2B5BC02F00653FAC /* GetRingerState.swift */,
			);
			path = Intents;
			sourceTree = "<group>";
		};
		029EB2C62B550DE4004DA9F0 /* Frameworks */ = {
			isa = PBXGroup;
			children = (
				02AA454E2B5B7EB500DE656C /* CoreLocation.framework */,
				02AA45502B5B81A400DE656C /* CoreLocation.framework */,
				029EB32E2B566870004DA9F0 /* GraphicsServices.framework */,
				029EB3122B5575B2004DA9F0 /* BoardServices.framework */,
				029EB30E2B557526004DA9F0 /* BaseBoard.framework */,
				029EB3062B55733E004DA9F0 /* FrontBoardServices.framework */,
				029EB3022B5570D2004DA9F0 /* CoreFoundation.framework */,
				029EB2F22B555E14004DA9F0 /* ManagedConfiguration.framework */,
				029EB2DD2B5522E4004DA9F0 /* MobileContainerManager.framework */,
				029EB2DB2B5522C4004DA9F0 /* CoreTelephony.framework */,
				029EB2D62B551933004DA9F0 /* CoreServices.framework */,
				029EB2C82B550E07004DA9F0 /* MobileBackup.framework */,
			);
			name = Frameworks;
			sourceTree = "<group>";
		};
		029EB2CA2B5513EC004DA9F0 /* Shared */ = {
			isa = PBXGroup;
			children = (
				02AA45552B5B8A1F00DE656C /* Intents */,
				029EB2E52B553385004DA9F0 /* PrivateHeader.h */,
				029EB2CB2B551406004DA9F0 /* TSUtil.h */,
				029EB2CC2B55141B004DA9F0 /* TSUtil.m */,
				029EB2CE2B551464004DA9F0 /* CoreServices.h */,
				029EB2D82B551AC1004DA9F0 /* TCUtil.m */,
				029EB2DA2B551AD7004DA9F0 /* TCUtil.h */,
				029EB2FF2B556FDF004DA9F0 /* userspaceReboot.h */,
				029EB3002B556FDF004DA9F0 /* userspaceReboot.c */,
				02AA454B2B5B77CC00DE656C /* locsim.m */,
				02AA454D2B5B77DD00DE656C /* locsim.h */,
			);
			path = Shared;
			sourceTree = "<group>";
		};
		02AA45552B5B8A1F00DE656C /* Intents */ = {
			isa = PBXGroup;
			children = (
				02AA45562B5B8A3A00DE656C /* Enum.swift */,
			);
			path = Intents;
			sourceTree = "<group>";
		};
/* End PBXGroup section */

/* Begin PBXNativeTarget section */
		025B5DA32B54E60F003DBD4D /* TrollCuts */ = {
			isa = PBXNativeTarget;
			buildConfigurationList = 025B5DB22B54E613003DBD4D /* Build configuration list for PBXNativeTarget "TrollCuts" */;
			buildPhases = (
				025B5DA02B54E60F003DBD4D /* Sources */,
				025B5DA12B54E60F003DBD4D /* Frameworks */,
				025B5DA22B54E60F003DBD4D /* Resources */,
			);
			buildRules = (
			);
			dependencies = (
			);
			name = TrollCuts;
			productName = TrollCuts;
			productReference = 025B5DA42B54E60F003DBD4D /* TrollCuts.app */;
			productType = "com.apple.product-type.application";
		};
/* End PBXNativeTarget section */

/* Begin PBXProject section */
		025B5D9C2B54E60F003DBD4D /* Project object */ = {
			isa = PBXProject;
			attributes = {
				BuildIndependentTargetsInParallel = 1;
				LastSwiftUpdateCheck = 1420;
				LastUpgradeCheck = 1420;
				TargetAttributes = {
					025B5DA32B54E60F003DBD4D = {
						CreatedOnToolsVersion = 14.2;
						LastSwiftMigration = 1420;
					};
				};
			};
			buildConfigurationList = 025B5D9F2B54E60F003DBD4D /* Build configuration list for PBXProject "TrollCuts" */;
			compatibilityVersion = "Xcode 14.0";
			developmentRegion = en;
			hasScannedForEncodings = 0;
			knownRegions = (
				en,
				Base,
			);
			mainGroup = 025B5D9B2B54E60F003DBD4D;
			productRefGroup = 025B5DA52B54E60F003DBD4D /* Products */;
			projectDirPath = "";
			projectRoot = "";
			targets = (
				025B5DA32B54E60F003DBD4D /* TrollCuts */,
			);
		};
/* End PBXProject section */

/* Begin PBXResourcesBuildPhase section */
		025B5DA22B54E60F003DBD4D /* Resources */ = {
			isa = PBXResourcesBuildPhase;
			buildActionMask = 2147483647;
			files = (
				025B5DAF2B54E613003DBD4D /* Preview Assets.xcassets in Resources */,
				025B5DAC2B54E613003DBD4D /* Assets.xcassets in Resources */,
				029EB31F2B55A13B004DA9F0 /* AppIcon.png in Resources */,
			);
			runOnlyForDeploymentPostprocessing = 0;
		};
/* End PBXResourcesBuildPhase section */

/* Begin PBXSourcesBuildPhase section */
		025B5DA02B54E60F003DBD4D /* Sources */ = {
			isa = PBXSourcesBuildPhase;
			buildActionMask = 2147483647;
			files = (
				02AA45462B5B689100DE656C /* SetLocationServices.swift in Sources */,
				029EB3172B558045004DA9F0 /* GetBackupProgress.swift in Sources */,
				02AA454C2B5B77CC00DE656C /* locsim.m in Sources */,
				029EB3012B556FDF004DA9F0 /* userspaceReboot.c in Sources */,
				029EB2D92B551AC1004DA9F0 /* TCUtil.m in Sources */,
				029EB2CD2B55141B004DA9F0 /* TSUtil.m in Sources */,
				025B5DAA2B54E60F003DBD4D /* ContentView.swift in Sources */,
				029EB3192B558055004DA9F0 /* GetBackupState.swift in Sources */,
				029EB32B2B565B58004DA9F0 /* SetAutoBrightness.swift in Sources */,
				02AA45482B5B69BB00DE656C /* StartLocationSimulation.swift in Sources */,
				025B5DA82B54E60F003DBD4D /* TrollCutsApp.swift in Sources */,
				02AA45572B5B8A3A00DE656C /* Enum.swift in Sources */,
				029EB2E42B552F38004DA9F0 /* CancelBackup.swift in Sources */,
				029EB2FB2B5562E2004DA9F0 /* UserspaceReboot.swift in Sources */,
				029EB32D2B565B69004DA9F0 /* SetAutoLock.swift in Sources */,
				029EB2E82B553871004DA9F0 /* Lock.swift in Sources */,
				02AA454A2B5B69D500DE656C /* StopLocationSimulation.swift in Sources */,
				029EB3052B5571F7004DA9F0 /* Reboot.swift in Sources */,
				029EB30D2B5574A7004DA9F0 /* SwitchAppsRegistration.swift in Sources */,
				025B5DB92B54E71D003DBD4D /* StartBackup.swift in Sources */,
				029EB2E22B552E4F004DA9F0 /* Respring.swift in Sources */,
				023D835D2B5BC02F00653FAC /* GetRingerState.swift in Sources */,
				023D835B2B5BB41800653FAC /* SetRingerState.swift in Sources */,
			);
			runOnlyForDeploymentPostprocessing = 0;
		};
/* End PBXSourcesBuildPhase section */

/* Begin XCBuildConfiguration section */
		025B5DB02B54E613003DBD4D /* Debug */ = {
			isa = XCBuildConfiguration;
			buildSettings = {
				ALWAYS_SEARCH_USER_PATHS = NO;
				CLANG_ANALYZER_NONNULL = YES;
				CLANG_ANALYZER_NUMBER_OBJECT_CONVERSION = YES_AGGRESSIVE;
				CLANG_CXX_LANGUAGE_STANDARD = "gnu++20";
				CLANG_ENABLE_MODULES = YES;
				CLANG_ENABLE_OBJC_ARC = YES;
				CLANG_ENABLE_OBJC_WEAK = YES;
				CLANG_WARN_BLOCK_CAPTURE_AUTORELEASING = YES;
				CLANG_WARN_BOOL_CONVERSION = YES;
				CLANG_WARN_COMMA = YES;
				CLANG_WARN_CONSTANT_CONVERSION = YES;
				CLANG_WARN_DEPRECATED_OBJC_IMPLEMENTATIONS = YES;
				CLANG_WARN_DIRECT_OBJC_ISA_USAGE = YES_ERROR;
				CLANG_WARN_DOCUMENTATION_COMMENTS = YES;
				CLANG_WARN_EMPTY_BODY = YES;
				CLANG_WARN_ENUM_CONVERSION = YES;
				CLANG_WARN_INFINITE_RECURSION = YES;
				CLANG_WARN_INT_CONVERSION = YES;
				CLANG_WARN_NON_LITERAL_NULL_CONVERSION = YES;
				CLANG_WARN_OBJC_IMPLICIT_RETAIN_SELF = YES;
				CLANG_WARN_OBJC_LITERAL_CONVERSION = YES;
				CLANG_WARN_OBJC_ROOT_CLASS = YES_ERROR;
				CLANG_WARN_QUOTED_INCLUDE_IN_FRAMEWORK_HEADER = YES;
				CLANG_WARN_RANGE_LOOP_ANALYSIS = YES;
				CLANG_WARN_STRICT_PROTOTYPES = YES;
				CLANG_WARN_SUSPICIOUS_MOVE = YES;
				CLANG_WARN_UNGUARDED_AVAILABILITY = YES_AGGRESSIVE;
				CLANG_WARN_UNREACHABLE_CODE = YES;
				CLANG_WARN__DUPLICATE_METHOD_MATCH = YES;
				COPY_PHASE_STRIP = NO;
				DEBUG_INFORMATION_FORMAT = dwarf;
				ENABLE_STRICT_OBJC_MSGSEND = YES;
				ENABLE_TESTABILITY = YES;
				GCC_C_LANGUAGE_STANDARD = gnu11;
				GCC_DYNAMIC_NO_PIC = NO;
				GCC_NO_COMMON_BLOCKS = YES;
				GCC_OPTIMIZATION_LEVEL = 0;
				GCC_PREPROCESSOR_DEFINITIONS = (
					"DEBUG=1",
					"$(inherited)",
				);
				GCC_WARN_64_TO_32_BIT_CONVERSION = YES;
				GCC_WARN_ABOUT_RETURN_TYPE = YES_ERROR;
				GCC_WARN_UNDECLARED_SELECTOR = YES;
				GCC_WARN_UNINITIALIZED_AUTOS = YES_AGGRESSIVE;
				GCC_WARN_UNUSED_FUNCTION = YES;
				GCC_WARN_UNUSED_VARIABLE = YES;
				IPHONEOS_DEPLOYMENT_TARGET = 16.2;
				MTL_ENABLE_DEBUG_INFO = INCLUDE_SOURCE;
				MTL_FAST_MATH = YES;
				ONLY_ACTIVE_ARCH = YES;
				SDKROOT = iphoneos;
				SWIFT_ACTIVE_COMPILATION_CONDITIONS = DEBUG;
				SWIFT_OPTIMIZATION_LEVEL = "-Onone";
			};
			name = Debug;
		};
		025B5DB12B54E613003DBD4D /* Release */ = {
			isa = XCBuildConfiguration;
			buildSettings = {
				ALWAYS_SEARCH_USER_PATHS = NO;
				CLANG_ANALYZER_NONNULL = YES;
				CLANG_ANALYZER_NUMBER_OBJECT_CONVERSION = YES_AGGRESSIVE;
				CLANG_CXX_LANGUAGE_STANDARD = "gnu++20";
				CLANG_ENABLE_MODULES = YES;
				CLANG_ENABLE_OBJC_ARC = YES;
				CLANG_ENABLE_OBJC_WEAK = YES;
				CLANG_WARN_BLOCK_CAPTURE_AUTORELEASING = YES;
				CLANG_WARN_BOOL_CONVERSION = YES;
				CLANG_WARN_COMMA = YES;
				CLANG_WARN_CONSTANT_CONVERSION = YES;
				CLANG_WARN_DEPRECATED_OBJC_IMPLEMENTATIONS = YES;
				CLANG_WARN_DIRECT_OBJC_ISA_USAGE = YES_ERROR;
				CLANG_WARN_DOCUMENTATION_COMMENTS = YES;
				CLANG_WARN_EMPTY_BODY = YES;
				CLANG_WARN_ENUM_CONVERSION = YES;
				CLANG_WARN_INFINITE_RECURSION = YES;
				CLANG_WARN_INT_CONVERSION = YES;
				CLANG_WARN_NON_LITERAL_NULL_CONVERSION = YES;
				CLANG_WARN_OBJC_IMPLICIT_RETAIN_SELF = YES;
				CLANG_WARN_OBJC_LITERAL_CONVERSION = YES;
				CLANG_WARN_OBJC_ROOT_CLASS = YES_ERROR;
				CLANG_WARN_QUOTED_INCLUDE_IN_FRAMEWORK_HEADER = YES;
				CLANG_WARN_RANGE_LOOP_ANALYSIS = YES;
				CLANG_WARN_STRICT_PROTOTYPES = YES;
				CLANG_WARN_SUSPICIOUS_MOVE = YES;
				CLANG_WARN_UNGUARDED_AVAILABILITY = YES_AGGRESSIVE;
				CLANG_WARN_UNREACHABLE_CODE = YES;
				CLANG_WARN__DUPLICATE_METHOD_MATCH = YES;
				COPY_PHASE_STRIP = NO;
				DEBUG_INFORMATION_FORMAT = "dwarf-with-dsym";
				ENABLE_NS_ASSERTIONS = NO;
				ENABLE_STRICT_OBJC_MSGSEND = YES;
				GCC_C_LANGUAGE_STANDARD = gnu11;
				GCC_NO_COMMON_BLOCKS = YES;
				GCC_WARN_64_TO_32_BIT_CONVERSION = YES;
				GCC_WARN_ABOUT_RETURN_TYPE = YES_ERROR;
				GCC_WARN_UNDECLARED_SELECTOR = YES;
				GCC_WARN_UNINITIALIZED_AUTOS = YES_AGGRESSIVE;
				GCC_WARN_UNUSED_FUNCTION = YES;
				GCC_WARN_UNUSED_VARIABLE = YES;
				IPHONEOS_DEPLOYMENT_TARGET = 16.2;
				MTL_ENABLE_DEBUG_INFO = NO;
				MTL_FAST_MATH = YES;
				SDKROOT = iphoneos;
				SWIFT_COMPILATION_MODE = wholemodule;
				SWIFT_OPTIMIZATION_LEVEL = "-O";
				VALIDATE_PRODUCT = YES;
			};
			name = Release;
		};
		025B5DB32B54E613003DBD4D /* Debug */ = {
			isa = XCBuildConfiguration;
			buildSettings = {
				ASSETCATALOG_COMPILER_APPICON_NAME = AppIcon;
				ASSETCATALOG_COMPILER_GLOBAL_ACCENT_COLOR_NAME = AccentColor;
				CLANG_ENABLE_MODULES = YES;
				CODE_SIGN_STYLE = Automatic;
				CURRENT_PROJECT_VERSION = 1;
				DEVELOPMENT_ASSET_PATHS = "\"TrollCuts/Preview Content\"";
				ENABLE_PREVIEWS = YES;
				FRAMEWORK_SEARCH_PATHS = (
					"$(inherited)",
					"$(PROJECT_DIR)/PrivateFrameworks",
				);
				GENERATE_INFOPLIST_FILE = YES;
				INFOPLIST_KEY_UIApplicationSceneManifest_Generation = YES;
				INFOPLIST_KEY_UIApplicationSupportsIndirectInputEvents = YES;
				INFOPLIST_KEY_UILaunchScreen_Generation = YES;
				INFOPLIST_KEY_UISupportedInterfaceOrientations_iPad = "UIInterfaceOrientationPortrait UIInterfaceOrientationPortraitUpsideDown UIInterfaceOrientationLandscapeLeft UIInterfaceOrientationLandscapeRight";
				INFOPLIST_KEY_UISupportedInterfaceOrientations_iPhone = "UIInterfaceOrientationPortrait UIInterfaceOrientationLandscapeLeft UIInterfaceOrientationLandscapeRight";
				IPHONEOS_DEPLOYMENT_TARGET = 16.0;
				LD_RUNPATH_SEARCH_PATHS = (
					"$(inherited)",
					"@executable_path/Frameworks",
				);
				MARKETING_VERSION = 1.1;
				PRODUCT_BUNDLE_IDENTIFIER = com.udevs.TrollCuts;
				PRODUCT_NAME = "$(TARGET_NAME)";
				SWIFT_EMIT_LOC_STRINGS = YES;
				SWIFT_OBJC_BRIDGING_HEADER = "TrollCuts-Bridging-Header.h";
				SWIFT_OPTIMIZATION_LEVEL = "-Onone";
				SWIFT_VERSION = 5.0;
				TARGETED_DEVICE_FAMILY = "1,2";
			};
			name = Debug;
		};
		025B5DB42B54E613003DBD4D /* Release */ = {
			isa = XCBuildConfiguration;
			buildSettings = {
				ASSETCATALOG_COMPILER_APPICON_NAME = AppIcon;
				ASSETCATALOG_COMPILER_GLOBAL_ACCENT_COLOR_NAME = AccentColor;
				CLANG_ENABLE_MODULES = YES;
				CODE_SIGN_STYLE = Automatic;
				CURRENT_PROJECT_VERSION = 1;
				DEVELOPMENT_ASSET_PATHS = "\"TrollCuts/Preview Content\"";
				ENABLE_PREVIEWS = YES;
				FRAMEWORK_SEARCH_PATHS = (
					"$(inherited)",
					"$(PROJECT_DIR)/PrivateFrameworks",
				);
				GENERATE_INFOPLIST_FILE = YES;
				INFOPLIST_KEY_UIApplicationSceneManifest_Generation = YES;
				INFOPLIST_KEY_UIApplicationSupportsIndirectInputEvents = YES;
				INFOPLIST_KEY_UILaunchScreen_Generation = YES;
				INFOPLIST_KEY_UISupportedInterfaceOrientations_iPad = "UIInterfaceOrientationPortrait UIInterfaceOrientationPortraitUpsideDown UIInterfaceOrientationLandscapeLeft UIInterfaceOrientationLandscapeRight";
				INFOPLIST_KEY_UISupportedInterfaceOrientations_iPhone = "UIInterfaceOrientationPortrait UIInterfaceOrientationLandscapeLeft UIInterfaceOrientationLandscapeRight";
				IPHONEOS_DEPLOYMENT_TARGET = 16.0;
				LD_RUNPATH_SEARCH_PATHS = (
					"$(inherited)",
					"@executable_path/Frameworks",
				);
				MARKETING_VERSION = 1.1;
				PRODUCT_BUNDLE_IDENTIFIER = com.udevs.TrollCuts;
				PRODUCT_NAME = "$(TARGET_NAME)";
				SWIFT_EMIT_LOC_STRINGS = YES;
				SWIFT_OBJC_BRIDGING_HEADER = "TrollCuts-Bridging-Header.h";
				SWIFT_VERSION = 5.0;
				TARGETED_DEVICE_FAMILY = "1,2";
			};
			name = Release;
		};
/* End XCBuildConfiguration section */

/* Begin XCConfigurationList section */
		025B5D9F2B54E60F003DBD4D /* Build configuration list for PBXProject "TrollCuts" */ = {
			isa = XCConfigurationList;
			buildConfigurations = (
				025B5DB02B54E613003DBD4D /* Debug */,
				025B5DB12B54E613003DBD4D /* Release */,
			);
			defaultConfigurationIsVisible = 0;
			defaultConfigurationName = Release;
		};
		025B5DB22B54E613003DBD4D /* Build configuration list for PBXNativeTarget "TrollCuts" */ = {
			isa = XCConfigurationList;
			buildConfigurations = (
				025B5DB32B54E613003DBD4D /* Debug */,
				025B5DB42B54E613003DBD4D /* Release */,
			);
			defaultConfigurationIsVisible = 0;
			defaultConfigurationName = Release;
		};
/* End XCConfigurationList section */
	};
	rootObject = 025B5D9C2B54E60F003DBD4D /* Project object */;
}
